
Microsoft Visual Studio Solution File, Format Version 12.00
# Visual Studio Version 17
VisualStudioVersion = 17.2.32505.173
MinimumVisualStudioVersion = 10.0.40219.1
Project("{FAE04EC0-301F-11D3-BF4B-00C04F79EFBC}") = "OOO_Fishing", "OOO_Fishing\OOO_Fishing.csproj", "{C39C1E64-E061-4527-B5AF-B757A2060C10}"
EndProject
Global
	GlobalSection(SolutionConfigurationPlatforms) = preSolution
		Debug|Any CPU = Debug|Any CPU
		Release|Any CPU = Release|Any CPU
	EndGlobalSection
	GlobalSection(ProjectConfigurationPlatforms) = postSolution
		{C39C1E64-E061-4527-B5AF-B757A2060C10}.Debug|Any CPU.ActiveCfg = Debug|Any CPU
		{C39C1E64-E061-4527-B5AF-B757A2060C10}.Debug|Any CPU.Build.0 = Debug|Any CPU
		{C39C1E64-E061-4527-B5AF-B757A2060C10}.Release|Any CPU.ActiveCfg = Release|Any CPU
		{C39C1E64-E061-4527-B5AF-B757A2060C10}.Release|Any CPU.Build.0 = Release|Any CPU
	EndGlobalSection
	GlobalSection(SolutionProperties) = preSolution
		HideSolutionNode = FALSE
	EndGlobalSection
	GlobalSection(ExtensibilityGlobals) = postSolution
		SolutionGuid = {798F8F45-E21E-4A67-92D0-3D0690E79582}
	EndGlobalSection
EndGlobal
